
Microsoft Visual Studio Solution File, Format Version 12.00
# Visual Studio Version 17
VisualStudioVersion = 17.11.35222.181
MinimumVisualStudioVersion = 10.0.40219.1
Project("{FAE04EC0-301F-11D3-BF4B-00C04F79EFBC}") = "ViteCent.Core", "src\ViteCent.Core\ViteCent.Core.csproj", "{9BE419DF-6DA6-933F-165C-FE24431FA989}"
EndProject
Project("{FAE04EC0-301F-11D3-BF4B-00C04F79EFBC}") = "ViteCent.Core.Api", "src\ViteCent.Core.Api\ViteCent.Core.Api.csproj", "{6B60539B-3346-932E-2B60-94A776BB95DF}"
EndProject
Project("{FAE04EC0-301F-11D3-BF4B-00C04F79EFBC}") = "ViteCent.Core.Api.Swagger", "src\ViteCent.Core.Api.Swagger\ViteCent.Core.Api.Swagger.csproj", "{C143A74F-B5D4-4253-712D-ADB1698F31EE}"
EndProject
Project("{FAE04EC0-301F-11D3-BF4B-00C04F79EFBC}") = "ViteCent.Core.Authorize", "src\ViteCent.Core.Authorize\ViteCent.Core.Authorize.csproj", "{213C7E6C-54FD-3D89-B0AF-C4BF975CA7E4}"
EndProject
Project("{FAE04EC0-301F-11D3-BF4B-00C04F79EFBC}") = "ViteCent.Core.Authorize.Jwt", "src\ViteCent.Core.Authorize.Jwt\ViteCent.Core.Authorize.Jwt.csproj", "{1FBD8275-ACF8-86B3-A196-BC7DE1D8CE3D}"
EndProject
Project("{FAE04EC0-301F-11D3-BF4B-00C04F79EFBC}") = "ViteCent.Core.Cache", "src\ViteCent.Core.Cache\ViteCent.Core.Cache.csproj", "{8FA0C482-6D4E-C824-D192-4D7A8FD1C002}"
EndProject
Project("{FAE04EC0-301F-11D3-BF4B-00C04F79EFBC}") = "ViteCent.Core.Cache.Redis", "src\ViteCent.Core.Cache.Redis\ViteCent.Core.Cache.Redis.csproj", "{8839A2EE-830B-08E8-6B77-0CC084636B70}"
EndProject
Project("{FAE04EC0-301F-11D3-BF4B-00C04F79EFBC}") = "ViteCent.Core.Job", "src\ViteCent.Core.Job\ViteCent.Core.Job.csproj", "{FE77C11D-82F1-4659-2956-8CAB6EE4C153}"
EndProject
Project("{FAE04EC0-301F-11D3-BF4B-00C04F79EFBC}") = "ViteCent.Core.Job.Quartz", "src\ViteCent.Core.Job.Quartz\ViteCent.Core.Job.Quartz.csproj", "{0E91FA52-97B1-B7D1-059F-4935F435FE3F}"
EndProject
Project("{FAE04EC0-301F-11D3-BF4B-00C04F79EFBC}") = "ViteCent.Core.Logging", "src\ViteCent.Core.Logging\ViteCent.Core.Logging.csproj", "{E84AF7B1-012B-1B11-87D5-C3D2C093E2D0}"
EndProject
Project("{FAE04EC0-301F-11D3-BF4B-00C04F79EFBC}") = "ViteCent.Core.Logging.Log4Net", "src\ViteCent.Core.Logging.Log4Net\ViteCent.Core.Logging.Log4Net.csproj", "{9524014B-600D-66A8-03C2-F15C72FB2A53}"
EndProject
Project("{FAE04EC0-301F-11D3-BF4B-00C04F79EFBC}") = "ViteCent.Core.Orm", "src\ViteCent.Core.Orm\ViteCent.Core.Orm.csproj", "{C46CBDC1-16AC-A638-2EA2-1A7A36A8AD8C}"
EndProject
Project("{FAE04EC0-301F-11D3-BF4B-00C04F79EFBC}") = "ViteCent.Core.Orm.SqlSugar", "src\ViteCent.Core.Orm.SqlSugar\ViteCent.Core.Orm.SqlSugar.csproj", "{DE3435DC-DE56-91B8-3AED-A21540DA47D8}"
EndProject
Project("{FAE04EC0-301F-11D3-BF4B-00C04F79EFBC}") = "ViteCent.Core.Register", "src\ViteCent.Core.Register\ViteCent.Core.Register.csproj", "{0CA6CBA9-D6BF-3C4E-0182-F52D97F67B38}"
EndProject
Project("{FAE04EC0-301F-11D3-BF4B-00C04F79EFBC}") = "ViteCent.Core.Register.Consul", "src\ViteCent.Core.Register.Consul\ViteCent.Core.Register.Consul.csproj", "{473F2FF1-7AAA-95E0-1C9B-F953C016B9E5}"
EndProject
Project("{FAE04EC0-301F-11D3-BF4B-00C04F79EFBC}") = "ViteCent.Core.Trace", "src\ViteCent.Core.Trace\ViteCent.Core.Trace.csproj", "{5BE0AB18-A54B-9CB6-213C-9648DAF43E12}"
EndProject
Project("{FAE04EC0-301F-11D3-BF4B-00C04F79EFBC}") = "ViteCent.Core.Trace.Zipkin", "src\ViteCent.Core.Trace.Zipkin\ViteCent.Core.Trace.Zipkin.csproj", "{A0C7E0A4-3B03-D83F-06B6-8B08FFFC9C5D}"
EndProject
Project("{FAE04EC0-301F-11D3-BF4B-00C04F79EFBC}") = "ViteCent.Core.Web", "src\ViteCent.Core.Web\ViteCent.Core.Web.csproj", "{DEAEAFB5-B738-5147-8866-8D1F78830901}"
EndProject
Global
	GlobalSection(SolutionConfigurationPlatforms) = preSolution
		Debug|Any CPU = Debug|Any CPU
		Release|Any CPU = Release|Any CPU
	EndGlobalSection
	GlobalSection(ProjectConfigurationPlatforms) = postSolution
		{9BE419DF-6DA6-933F-165C-FE24431FA989}.Debug|Any CPU.ActiveCfg = Debug|Any CPU
		{9BE419DF-6DA6-933F-165C-FE24431FA989}.Debug|Any CPU.Build.0 = Debug|Any CPU
		{9BE419DF-6DA6-933F-165C-FE24431FA989}.Release|Any CPU.ActiveCfg = Release|Any CPU
		{9BE419DF-6DA6-933F-165C-FE24431FA989}.Release|Any CPU.Build.0 = Release|Any CPU
		{6B60539B-3346-932E-2B60-94A776BB95DF}.Debug|Any CPU.ActiveCfg = Debug|Any CPU
		{6B60539B-3346-932E-2B60-94A776BB95DF}.Debug|Any CPU.Build.0 = Debug|Any CPU
		{6B60539B-3346-932E-2B60-94A776BB95DF}.Release|Any CPU.ActiveCfg = Release|Any CPU
		{6B60539B-3346-932E-2B60-94A776BB95DF}.Release|Any CPU.Build.0 = Release|Any CPU
		{C143A74F-B5D4-4253-712D-ADB1698F31EE}.Debug|Any CPU.ActiveCfg = Debug|Any CPU
		{C143A74F-B5D4-4253-712D-ADB1698F31EE}.Debug|Any CPU.Build.0 = Debug|Any CPU
		{C143A74F-B5D4-4253-712D-ADB1698F31EE}.Release|Any CPU.ActiveCfg = Release|Any CPU
		{C143A74F-B5D4-4253-712D-ADB1698F31EE}.Release|Any CPU.Build.0 = Release|Any CPU
		{213C7E6C-54FD-3D89-B0AF-C4BF975CA7E4}.Debug|Any CPU.ActiveCfg = Debug|Any CPU
		{213C7E6C-54FD-3D89-B0AF-C4BF975CA7E4}.Debug|Any CPU.Build.0 = Debug|Any CPU
		{213C7E6C-54FD-3D89-B0AF-C4BF975CA7E4}.Release|Any CPU.ActiveCfg = Release|Any CPU
		{213C7E6C-54FD-3D89-B0AF-C4BF975CA7E4}.Release|Any CPU.Build.0 = Release|Any CPU
		{1FBD8275-ACF8-86B3-A196-BC7DE1D8CE3D}.Debug|Any CPU.ActiveCfg = Debug|Any CPU
		{1FBD8275-ACF8-86B3-A196-BC7DE1D8CE3D}.Debug|Any CPU.Build.0 = Debug|Any CPU
		{1FBD8275-ACF8-86B3-A196-BC7DE1D8CE3D}.Release|Any CPU.ActiveCfg = Release|Any CPU
		{1FBD8275-ACF8-86B3-A196-BC7DE1D8CE3D}.Release|Any CPU.Build.0 = Release|Any CPU
		{8FA0C482-6D4E-C824-D192-4D7A8FD1C002}.Debug|Any CPU.ActiveCfg = Debug|Any CPU
		{8FA0C482-6D4E-C824-D192-4D7A8FD1C002}.Debug|Any CPU.Build.0 = Debug|Any CPU
		{8FA0C482-6D4E-C824-D192-4D7A8FD1C002}.Release|Any CPU.ActiveCfg = Release|Any CPU
		{8FA0C482-6D4E-C824-D192-4D7A8FD1C002}.Release|Any CPU.Build.0 = Release|Any CPU
		{8839A2EE-830B-08E8-6B77-0CC084636B70}.Debug|Any CPU.ActiveCfg = Debug|Any CPU
		{8839A2EE-830B-08E8-6B77-0CC084636B70}.Debug|Any CPU.Build.0 = Debug|Any CPU
		{8839A2EE-830B-08E8-6B77-0CC084636B70}.Release|Any CPU.ActiveCfg = Release|Any CPU
		{8839A2EE-830B-08E8-6B77-0CC084636B70}.Release|Any CPU.Build.0 = Release|Any CPU
		{FE77C11D-82F1-4659-2956-8CAB6EE4C153}.Debug|Any CPU.ActiveCfg = Debug|Any CPU
		{FE77C11D-82F1-4659-2956-8CAB6EE4C153}.Debug|Any CPU.Build.0 = Debug|Any CPU
		{FE77C11D-82F1-4659-2956-8CAB6EE4C153}.Release|Any CPU.ActiveCfg = Release|Any CPU
		{FE77C11D-82F1-4659-2956-8CAB6EE4C153}.Release|Any CPU.Build.0 = Release|Any CPU
		{0E91FA52-97B1-B7D1-059F-4935F435FE3F}.Debug|Any CPU.ActiveCfg = Debug|Any CPU
		{0E91FA52-97B1-B7D1-059F-4935F435FE3F}.Debug|Any CPU.Build.0 = Debug|Any CPU
		{0E91FA52-97B1-B7D1-059F-4935F435FE3F}.Release|Any CPU.ActiveCfg = Release|Any CPU
		{0E91FA52-97B1-B7D1-059F-4935F435FE3F}.Release|Any CPU.Build.0 = Release|Any CPU
		{E84AF7B1-012B-1B11-87D5-C3D2C093E2D0}.Debug|Any CPU.ActiveCfg = Debug|Any CPU
		{E84AF7B1-012B-1B11-87D5-C3D2C093E2D0}.Debug|Any CPU.Build.0 = Debug|Any CPU
		{E84AF7B1-012B-1B11-87D5-C3D2C093E2D0}.Release|Any CPU.ActiveCfg = Release|Any CPU
		{E84AF7B1-012B-1B11-87D5-C3D2C093E2D0}.Release|Any CPU.Build.0 = Release|Any CPU
		{9524014B-600D-66A8-03C2-F15C72FB2A53}.Debug|Any CPU.ActiveCfg = Debug|Any CPU
		{9524014B-600D-66A8-03C2-F15C72FB2A53}.Debug|Any CPU.Build.0 = Debug|Any CPU
		{9524014B-600D-66A8-03C2-F15C72FB2A53}.Release|Any CPU.ActiveCfg = Release|Any CPU
		{9524014B-600D-66A8-03C2-F15C72FB2A53}.Release|Any CPU.Build.0 = Release|Any CPU
		{C46CBDC1-16AC-A638-2EA2-1A7A36A8AD8C}.Debug|Any CPU.ActiveCfg = Debug|Any CPU
		{C46CBDC1-16AC-A638-2EA2-1A7A36A8AD8C}.Debug|Any CPU.Build.0 = Debug|Any CPU
		{C46CBDC1-16AC-A638-2EA2-1A7A36A8AD8C}.Release|Any CPU.ActiveCfg = Release|Any CPU
		{C46CBDC1-16AC-A638-2EA2-1A7A36A8AD8C}.Release|Any CPU.Build.0 = Release|Any CPU
		{DE3435DC-DE56-91B8-3AED-A21540DA47D8}.Debug|Any CPU.ActiveCfg = Debug|Any CPU
		{DE3435DC-DE56-91B8-3AED-A21540DA47D8}.Debug|Any CPU.Build.0 = Debug|Any CPU
		{DE3435DC-DE56-91B8-3AED-A21540DA47D8}.Release|Any CPU.ActiveCfg = Release|Any CPU
		{DE3435DC-DE56-91B8-3AED-A21540DA47D8}.Release|Any CPU.Build.0 = Release|Any CPU
		{0CA6CBA9-D6BF-3C4E-0182-F52D97F67B38}.Debug|Any CPU.ActiveCfg = Debug|Any CPU
		{0CA6CBA9-D6BF-3C4E-0182-F52D97F67B38}.Debug|Any CPU.Build.0 = Debug|Any CPU
		{0CA6CBA9-D6BF-3C4E-0182-F52D97F67B38}.Release|Any CPU.ActiveCfg = Release|Any CPU
		{0CA6CBA9-D6BF-3C4E-0182-F52D97F67B38}.Release|Any CPU.Build.0 = Release|Any CPU
		{473F2FF1-7AAA-95E0-1C9B-F953C016B9E5}.Debug|Any CPU.ActiveCfg = Debug|Any CPU
		{473F2FF1-7AAA-95E0-1C9B-F953C016B9E5}.Debug|Any CPU.Build.0 = Debug|Any CPU
		{473F2FF1-7AAA-95E0-1C9B-F953C016B9E5}.Release|Any CPU.ActiveCfg = Release|Any CPU
		{473F2FF1-7AAA-95E0-1C9B-F953C016B9E5}.Release|Any CPU.Build.0 = Release|Any CPU
		{5BE0AB18-A54B-9CB6-213C-9648DAF43E12}.Debug|Any CPU.ActiveCfg = Debug|Any CPU
		{5BE0AB18-A54B-9CB6-213C-9648DAF43E12}.Debug|Any CPU.Build.0 = Debug|Any CPU
		{5BE0AB18-A54B-9CB6-213C-9648DAF43E12}.Release|Any CPU.ActiveCfg = Release|Any CPU
		{5BE0AB18-A54B-9CB6-213C-9648DAF43E12}.Release|Any CPU.Build.0 = Release|Any CPU
		{A0C7E0A4-3B03-D83F-06B6-8B08FFFC9C5D}.Debug|Any CPU.ActiveCfg = Debug|Any CPU
		{A0C7E0A4-3B03-D83F-06B6-8B08FFFC9C5D}.Debug|Any CPU.Build.0 = Debug|Any CPU
		{A0C7E0A4-3B03-D83F-06B6-8B08FFFC9C5D}.Release|Any CPU.ActiveCfg = Release|Any CPU
		{A0C7E0A4-3B03-D83F-06B6-8B08FFFC9C5D}.Release|Any CPU.Build.0 = Release|Any CPU
		{DEAEAFB5-B738-5147-8866-8D1F78830901}.Debug|Any CPU.ActiveCfg = Debug|Any CPU
		{DEAEAFB5-B738-5147-8866-8D1F78830901}.Debug|Any CPU.Build.0 = Debug|Any CPU
		{DEAEAFB5-B738-5147-8866-8D1F78830901}.Release|Any CPU.ActiveCfg = Release|Any CPU
		{DEAEAFB5-B738-5147-8866-8D1F78830901}.Release|Any CPU.Build.0 = Release|Any CPU
	EndGlobalSection
	GlobalSection(SolutionProperties) = preSolution
		HideSolutionNode = FALSE
	EndGlobalSection
	GlobalSection(ExtensibilityGlobals) = postSolution
		SolutionGuid = {6B275C1A-10DA-4B8D-9F86-5F20E89E9F3E}
	EndGlobalSection
EndGlobal
