
Microsoft Visual Studio Solution File, Format Version 12.00
# Visual Studio Version 17
VisualStudioVersion = 17.11.35222.181
MinimumVisualStudioVersion = 10.0.40219.1
Project("{2150E333-8FDC-42A3-9474-1A3956D46DE8}") = "ViteCent.Auth", "ViteCent.Auth", "{02EA681E-C7D8-13C7-8484-4AC65E1B71E8}"
EndProject
Project("{2150E333-8FDC-42A3-9474-1A3956D46DE8}") = "ViteCent.Basic", "ViteCent.Basic", "{2B71C326-4AA2-4DA7-941B-2736E89249F8}"
EndProject
Project("{2150E333-8FDC-42A3-9474-1A3956D46DE8}") = "ViteCent.Builder", "ViteCent.Builder", "{EAFEAEBE-E8A2-4444-9A0F-C3684F2753FA}"
EndProject
Project("{2150E333-8FDC-42A3-9474-1A3956D46DE8}") = "ViteCent.Core", "ViteCent.Core", "{9D64542E-E4E4-44D3-AE79-A3CCF38CE0FA}"
EndProject
Project("{2150E333-8FDC-42A3-9474-1A3956D46DE8}") = "ViteCent.Database", "ViteCent.Database", "{14930E55-8A37-4EF6-BE77-56252BA8BAC1}"
EndProject
Project("{2150E333-8FDC-42A3-9474-1A3956D46DE8}") = "ViteCent.Files", "ViteCent.Files", "{BC803554-8569-43A0-9926-7F3DB916F565}"
EndProject
Project("{2150E333-8FDC-42A3-9474-1A3956D46DE8}") = "ViteCent.Gateway", "ViteCent.Gateway", "{1315D715-81E2-4CDD-85AA-9DE98DF5D67C}"
EndProject
Project("{2150E333-8FDC-42A3-9474-1A3956D46DE8}") = "ViteCent.Job", "ViteCent.Job", "{559E0168-1A31-443E-9051-45E1A9E7D616}"
EndProject
Project("{2150E333-8FDC-42A3-9474-1A3956D46DE8}") = "ViteCent.Statistics", "ViteCent.Statistics", "{D6655196-2DCD-4294-8F7E-423964A10B75}"
EndProject
Project("{FAE04EC0-301F-11D3-BF4B-00C04F79EFBC}") = "ViteCent.Auth.Api", "src\ViteCent.Auth\ViteCent.Auth.Api\ViteCent.Auth.Api.csproj", "{9E8E9951-6806-1D6D-293C-C0E1D88FCA2A}"
EndProject
Project("{FAE04EC0-301F-11D3-BF4B-00C04F79EFBC}") = "ViteCent.Auth.Application", "src\ViteCent.Auth\ViteCent.Auth.Application\ViteCent.Auth.Application.csproj", "{3DB61F0C-6C56-9A89-8009-28AEBDAD9849}"
EndProject
Project("{FAE04EC0-301F-11D3-BF4B-00C04F79EFBC}") = "ViteCent.Auth.Domain", "src\ViteCent.Auth\ViteCent.Auth.Domain\ViteCent.Auth.Domain.csproj", "{BD48947A-4B67-273D-6E9F-16DD2A9A6039}"
EndProject
Project("{FAE04EC0-301F-11D3-BF4B-00C04F79EFBC}") = "ViteCent.Auth.Entity", "src\ViteCent.Auth\ViteCent.Auth.Entity\ViteCent.Auth.Entity.csproj", "{F4CFB302-FF1D-DFE0-69E4-04C006B465F2}"
EndProject
Project("{FAE04EC0-301F-11D3-BF4B-00C04F79EFBC}") = "ViteCent.Auth.Data", "src\ViteCent.Data\ViteCent.Auth.Data\ViteCent.Auth.Data.csproj", "{0A95FC4C-1E8D-C09F-4715-301257BF0AA0}"
EndProject
Project("{FAE04EC0-301F-11D3-BF4B-00C04F79EFBC}") = "ViteCent.Basic.Data", "src\ViteCent.Data\ViteCent.Basic.Data\ViteCent.Basic.Data.csproj", "{F14D7451-E5A9-1C26-4BA0-2E691B634629}"
EndProject
Project("{FAE04EC0-301F-11D3-BF4B-00C04F79EFBC}") = "ViteCent.Builder.Data", "src\ViteCent.Data\ViteCent.Builder.Data\ViteCent.Builder.Data.csproj", "{58E9D0D3-30E0-73BF-E9A5-8B2F7FEB6F00}"
EndProject
Project("{FAE04EC0-301F-11D3-BF4B-00C04F79EFBC}") = "ViteCent.Database.Data", "src\ViteCent.Data\ViteCent.Database.Data\ViteCent.Database.Data.csproj", "{0C3E20BF-A28C-CE42-1046-B6CB7A8AE09D}"
EndProject
Project("{FAE04EC0-301F-11D3-BF4B-00C04F79EFBC}") = "ViteCent.Files.Data", "src\ViteCent.Data\ViteCent.Fiels.Data\ViteCent.Files.Data.csproj", "{89C6E324-0278-017E-F4E0-6EA05EB1EE3D}"
EndProject
Project("{FAE04EC0-301F-11D3-BF4B-00C04F79EFBC}") = "ViteCent.Statistics.Data", "src\ViteCent.Data\ViteCent.Statistics.Data\ViteCent.Statistics.Data.csproj", "{22FB8F4C-3EBF-CFD4-99D2-955C874F5894}"
EndProject
Project("{FAE04EC0-301F-11D3-BF4B-00C04F79EFBC}") = "ViteCent.Core", "src\ViteCent.Core\ViteCent.Core\ViteCent.Core.csproj", "{318839AA-CDE2-2FF4-E307-38121C05B6E1}"
EndProject
Project("{FAE04EC0-301F-11D3-BF4B-00C04F79EFBC}") = "ViteCent.Core.Api", "src\ViteCent.Core\ViteCent.Core.Api\ViteCent.Core.Api.csproj", "{9DCE87C4-A10F-7C70-BA71-08D9A1D2C75C}"
EndProject
Project("{FAE04EC0-301F-11D3-BF4B-00C04F79EFBC}") = "ViteCent.Core.Api.Swagger", "src\ViteCent.Core\ViteCent.Core.Api.Swagger\ViteCent.Core.Api.Swagger.csproj", "{0B9BF2CF-44D6-8A07-F727-D568A87A6F91}"
EndProject
Project("{FAE04EC0-301F-11D3-BF4B-00C04F79EFBC}") = "ViteCent.Core.Authorize", "src\ViteCent.Core\ViteCent.Core.Authorize\ViteCent.Core.Authorize.csproj", "{72365058-9E64-19AD-9121-8E1150766696}"
EndProject
Project("{FAE04EC0-301F-11D3-BF4B-00C04F79EFBC}") = "ViteCent.Core.Authorize.Jwt", "src\ViteCent.Core\ViteCent.Core.Authorize.Jwt\ViteCent.Core.Authorize.Jwt.csproj", "{D698F9FC-0DDE-955B-F633-D1CCF2070FB6}"
EndProject
Project("{FAE04EC0-301F-11D3-BF4B-00C04F79EFBC}") = "ViteCent.Core.Cache", "src\ViteCent.Core\ViteCent.Core.Cache\ViteCent.Core.Cache.csproj", "{7E113D2D-3633-0535-17D0-32173DF02C25}"
EndProject
Project("{FAE04EC0-301F-11D3-BF4B-00C04F79EFBC}") = "ViteCent.Core.Cache.Redis", "src\ViteCent.Core\ViteCent.Core.Cache.Redis\ViteCent.Core.Cache.Redis.csproj", "{5A0E7459-E2C6-C65C-65C3-8BBF97C14AF3}"
EndProject
Project("{FAE04EC0-301F-11D3-BF4B-00C04F79EFBC}") = "ViteCent.Core.ElasticSearch", "src\ViteCent.Core\ViteCent.Core.Elasticsearch\ViteCent.Core.ElasticSearch.csproj", "{910CBEC6-4DC8-994B-994C-C7DE3E265EEB}"
EndProject
Project("{FAE04EC0-301F-11D3-BF4B-00C04F79EFBC}") = "ViteCent.Core.Job", "src\ViteCent.Core\ViteCent.Core.Job\ViteCent.Core.Job.csproj", "{D138C45F-B2DA-0BB7-F979-03700AA42F40}"
EndProject
Project("{FAE04EC0-301F-11D3-BF4B-00C04F79EFBC}") = "ViteCent.Core.Job.Quartz", "src\ViteCent.Core\ViteCent.Core.Job.Quartz\ViteCent.Core.Job.Quartz.csproj", "{7295D07F-93C8-1C7A-91F1-EB70FA1DDF0A}"
EndProject
Project("{FAE04EC0-301F-11D3-BF4B-00C04F79EFBC}") = "ViteCent.Core.Logging", "src\ViteCent.Core\ViteCent.Core.Logging\ViteCent.Core.Logging.csproj", "{AB909540-4946-C34C-722A-D77BB3256979}"
EndProject
Project("{FAE04EC0-301F-11D3-BF4B-00C04F79EFBC}") = "ViteCent.Core.Logging.Log4Net", "src\ViteCent.Core\ViteCent.Core.Logging.Log4Net\ViteCent.Core.Logging.Log4Net.csproj", "{39619A12-2B93-2486-99F4-53242160D9F9}"
EndProject
Project("{FAE04EC0-301F-11D3-BF4B-00C04F79EFBC}") = "ViteCent.Core.Orm", "src\ViteCent.Core\ViteCent.Core.Orm\ViteCent.Core.Orm.csproj", "{F67ED238-F5EE-F237-6431-7826B21D5F00}"
EndProject
Project("{FAE04EC0-301F-11D3-BF4B-00C04F79EFBC}") = "ViteCent.Core.Orm.SqlSugar", "src\ViteCent.Core\ViteCent.Core.Orm.SqlSugar\ViteCent.Core.Orm.SqlSugar.csproj", "{30A575F9-10B0-CBA2-FC98-2A8796C93088}"
EndProject
Project("{FAE04EC0-301F-11D3-BF4B-00C04F79EFBC}") = "ViteCent.Core.Register", "src\ViteCent.Core\ViteCent.Core.Register\ViteCent.Core.Register.csproj", "{607BEF3F-1E1A-01AD-2E11-418EBE2CBB66}"
EndProject
Project("{FAE04EC0-301F-11D3-BF4B-00C04F79EFBC}") = "ViteCent.Core.Register.Consul", "src\ViteCent.Core\ViteCent.Core.Register.Consul\ViteCent.Core.Register.Consul.csproj", "{2D3A2E41-7042-DFD2-5B69-5CBABFFD16DC}"
EndProject
Project("{FAE04EC0-301F-11D3-BF4B-00C04F79EFBC}") = "ViteCent.Core.Trace", "src\ViteCent.Core\ViteCent.Core.Trace\ViteCent.Core.Trace.csproj", "{A2630318-3F77-A113-7209-0265836DF782}"
EndProject
Project("{FAE04EC0-301F-11D3-BF4B-00C04F79EFBC}") = "ViteCent.Core.Trace.Zipkin", "src\ViteCent.Core\ViteCent.Core.Trace.Zipkin\ViteCent.Core.Trace.Zipkin.csproj", "{9C73ECCD-72D4-837A-68DC-FAF79955A74A}"
EndProject
Project("{FAE04EC0-301F-11D3-BF4B-00C04F79EFBC}") = "ViteCent.Core.Web", "src\ViteCent.Core\ViteCent.Core.Web\ViteCent.Core.Web.csproj", "{129CF415-6842-8C03-6BC4-B04D4688F0EB}"
EndProject
Project("{FAE04EC0-301F-11D3-BF4B-00C04F79EFBC}") = "ViteCent.Basic.Api", "src\ViteCent.Basic\ViteCent.Basic.Api\ViteCent.Basic.Api.csproj", "{4C02470B-CD63-7911-84CA-B900077E84FA}"
EndProject
Project("{FAE04EC0-301F-11D3-BF4B-00C04F79EFBC}") = "ViteCent.Basic.Application", "src\ViteCent.Basic\ViteCent.Basic.Application\ViteCent.Basic.Application.csproj", "{1B9B2B2C-8967-C723-84CD-50285E64AEEE}"
EndProject
Project("{FAE04EC0-301F-11D3-BF4B-00C04F79EFBC}") = "ViteCent.Basic.Domain", "src\ViteCent.Basic\ViteCent.Basic.Domain\ViteCent.Basic.Domain.csproj", "{D647FF65-38CA-2447-2A5B-C5B386BF25A5}"
EndProject
Project("{FAE04EC0-301F-11D3-BF4B-00C04F79EFBC}") = "ViteCent.Basic.Entity", "src\ViteCent.Basic\ViteCent.Basic.Entity\ViteCent.Basic.Entity.csproj", "{2377482F-7994-34A3-ED96-20DE70C7AD77}"
EndProject
Project("{FAE04EC0-301F-11D3-BF4B-00C04F79EFBC}") = "ViteCent.Builder.Api", "src\ViteCent.Builder\ViteCent.Builder.Api\ViteCent.Builder.Api.csproj", "{E25902FF-BC57-45A7-4B33-EE419C70DB67}"
EndProject
Project("{FAE04EC0-301F-11D3-BF4B-00C04F79EFBC}") = "ViteCent.Database.Api", "src\ViteCent.Database\ViteCent.Database.Api\ViteCent.Database.Api.csproj", "{17F35D44-43F0-2623-6A4C-64202137ACD2}"
EndProject
Project("{FAE04EC0-301F-11D3-BF4B-00C04F79EFBC}") = "ViteCent.Database.Application", "src\ViteCent.Database\ViteCent.Database.Application\ViteCent.Database.Application.csproj", "{4EBB9A2F-E048-7C12-58E0-19D3562EFFB0}"
EndProject
Project("{FAE04EC0-301F-11D3-BF4B-00C04F79EFBC}") = "ViteCent.Database.Domain", "src\ViteCent.Database\ViteCent.Database.Domain\ViteCent.Database.Domain.csproj", "{AACF1F0A-99A9-C571-6CF7-54AF084625CF}"
EndProject
Project("{FAE04EC0-301F-11D3-BF4B-00C04F79EFBC}") = "ViteCent.Database.Entity", "src\ViteCent.Database\ViteCent.Database.Entity\ViteCent.Database.Entity.csproj", "{0014A855-78B5-35CA-CC55-6991403F73A3}"
EndProject
Project("{FAE04EC0-301F-11D3-BF4B-00C04F79EFBC}") = "ViteCent.Files.Api", "src\ViteCent.Files\ViteCent.Files.Api\ViteCent.Files.Api.csproj", "{3EA2F69B-E7D2-6857-4570-6C623753A520}"
EndProject
Project("{FAE04EC0-301F-11D3-BF4B-00C04F79EFBC}") = "ViteCent.Gateway.Api", "src\ViteCent.Gateway\ViteCent.Gateway.Api\ViteCent.Gateway.Api.csproj", "{C99060A6-A43F-3E81-3F30-C76FD334255C}"
EndProject
Project("{FAE04EC0-301F-11D3-BF4B-00C04F79EFBC}") = "ViteCent.Job.Api", "src\ViteCent.Job\ViteCent.Job.Api\ViteCent.Job.Api.csproj", "{0D57D1ED-1344-A269-596C-9EF353BFB50D}"
EndProject
Project("{FAE04EC0-301F-11D3-BF4B-00C04F79EFBC}") = "ViteCent.Statistics.Api", "src\ViteCent.Statistics\ViteCent.Statistics.Api\ViteCent.Statistics.Api.csproj", "{F118BFF6-A53E-0D69-49DD-1AEABD82AE82}"
EndProject
Project("{FAE04EC0-301F-11D3-BF4B-00C04F79EFBC}") = "ViteCent.Statistics.Application", "src\ViteCent.Statistics\ViteCent.Statistics.Application\ViteCent.Statistics.Application.csproj", "{042CC4A9-F758-F202-B70F-F60379DE1644}"
EndProject
Project("{FAE04EC0-301F-11D3-BF4B-00C04F79EFBC}") = "ViteCent.Statistics.Domain", "src\ViteCent.Statistics\ViteCent.Statistics.Domain\ViteCent.Statistics.Domain.csproj", "{B9FB1159-99F3-BDB2-2169-1BF02F240BC6}"
EndProject
Global
	GlobalSection(SolutionConfigurationPlatforms) = preSolution
		Debug|Any CPU = Debug|Any CPU
		Release|Any CPU = Release|Any CPU
	EndGlobalSection
	GlobalSection(ProjectConfigurationPlatforms) = postSolution
		{9E8E9951-6806-1D6D-293C-C0E1D88FCA2A}.Debug|Any CPU.ActiveCfg = Debug|Any CPU
		{9E8E9951-6806-1D6D-293C-C0E1D88FCA2A}.Debug|Any CPU.Build.0 = Debug|Any CPU
		{9E8E9951-6806-1D6D-293C-C0E1D88FCA2A}.Release|Any CPU.ActiveCfg = Release|Any CPU
		{9E8E9951-6806-1D6D-293C-C0E1D88FCA2A}.Release|Any CPU.Build.0 = Release|Any CPU
		{3DB61F0C-6C56-9A89-8009-28AEBDAD9849}.Debug|Any CPU.ActiveCfg = Debug|Any CPU
		{3DB61F0C-6C56-9A89-8009-28AEBDAD9849}.Debug|Any CPU.Build.0 = Debug|Any CPU
		{3DB61F0C-6C56-9A89-8009-28AEBDAD9849}.Release|Any CPU.ActiveCfg = Release|Any CPU
		{3DB61F0C-6C56-9A89-8009-28AEBDAD9849}.Release|Any CPU.Build.0 = Release|Any CPU
		{BD48947A-4B67-273D-6E9F-16DD2A9A6039}.Debug|Any CPU.ActiveCfg = Debug|Any CPU
		{BD48947A-4B67-273D-6E9F-16DD2A9A6039}.Debug|Any CPU.Build.0 = Debug|Any CPU
		{BD48947A-4B67-273D-6E9F-16DD2A9A6039}.Release|Any CPU.ActiveCfg = Release|Any CPU
		{BD48947A-4B67-273D-6E9F-16DD2A9A6039}.Release|Any CPU.Build.0 = Release|Any CPU
		{F4CFB302-FF1D-DFE0-69E4-04C006B465F2}.Debug|Any CPU.ActiveCfg = Debug|Any CPU
		{F4CFB302-FF1D-DFE0-69E4-04C006B465F2}.Debug|Any CPU.Build.0 = Debug|Any CPU
		{F4CFB302-FF1D-DFE0-69E4-04C006B465F2}.Release|Any CPU.ActiveCfg = Release|Any CPU
		{F4CFB302-FF1D-DFE0-69E4-04C006B465F2}.Release|Any CPU.Build.0 = Release|Any CPU
		{0A95FC4C-1E8D-C09F-4715-301257BF0AA0}.Debug|Any CPU.ActiveCfg = Debug|Any CPU
		{0A95FC4C-1E8D-C09F-4715-301257BF0AA0}.Debug|Any CPU.Build.0 = Debug|Any CPU
		{0A95FC4C-1E8D-C09F-4715-301257BF0AA0}.Release|Any CPU.ActiveCfg = Release|Any CPU
		{0A95FC4C-1E8D-C09F-4715-301257BF0AA0}.Release|Any CPU.Build.0 = Release|Any CPU
		{F14D7451-E5A9-1C26-4BA0-2E691B634629}.Debug|Any CPU.ActiveCfg = Debug|Any CPU
		{F14D7451-E5A9-1C26-4BA0-2E691B634629}.Debug|Any CPU.Build.0 = Debug|Any CPU
		{F14D7451-E5A9-1C26-4BA0-2E691B634629}.Release|Any CPU.ActiveCfg = Release|Any CPU
		{F14D7451-E5A9-1C26-4BA0-2E691B634629}.Release|Any CPU.Build.0 = Release|Any CPU
		{58E9D0D3-30E0-73BF-E9A5-8B2F7FEB6F00}.Debug|Any CPU.ActiveCfg = Debug|Any CPU
		{58E9D0D3-30E0-73BF-E9A5-8B2F7FEB6F00}.Debug|Any CPU.Build.0 = Debug|Any CPU
		{58E9D0D3-30E0-73BF-E9A5-8B2F7FEB6F00}.Release|Any CPU.ActiveCfg = Release|Any CPU
		{58E9D0D3-30E0-73BF-E9A5-8B2F7FEB6F00}.Release|Any CPU.Build.0 = Release|Any CPU
		{0C3E20BF-A28C-CE42-1046-B6CB7A8AE09D}.Debug|Any CPU.ActiveCfg = Debug|Any CPU
		{0C3E20BF-A28C-CE42-1046-B6CB7A8AE09D}.Debug|Any CPU.Build.0 = Debug|Any CPU
		{0C3E20BF-A28C-CE42-1046-B6CB7A8AE09D}.Release|Any CPU.ActiveCfg = Release|Any CPU
		{0C3E20BF-A28C-CE42-1046-B6CB7A8AE09D}.Release|Any CPU.Build.0 = Release|Any CPU
		{89C6E324-0278-017E-F4E0-6EA05EB1EE3D}.Debug|Any CPU.ActiveCfg = Debug|Any CPU
		{89C6E324-0278-017E-F4E0-6EA05EB1EE3D}.Debug|Any CPU.Build.0 = Debug|Any CPU
		{89C6E324-0278-017E-F4E0-6EA05EB1EE3D}.Release|Any CPU.ActiveCfg = Release|Any CPU
		{89C6E324-0278-017E-F4E0-6EA05EB1EE3D}.Release|Any CPU.Build.0 = Release|Any CPU
		{22FB8F4C-3EBF-CFD4-99D2-955C874F5894}.Debug|Any CPU.ActiveCfg = Debug|Any CPU
		{22FB8F4C-3EBF-CFD4-99D2-955C874F5894}.Debug|Any CPU.Build.0 = Debug|Any CPU
		{22FB8F4C-3EBF-CFD4-99D2-955C874F5894}.Release|Any CPU.ActiveCfg = Release|Any CPU
		{22FB8F4C-3EBF-CFD4-99D2-955C874F5894}.Release|Any CPU.Build.0 = Release|Any CPU
		{318839AA-CDE2-2FF4-E307-38121C05B6E1}.Debug|Any CPU.ActiveCfg = Debug|Any CPU
		{318839AA-CDE2-2FF4-E307-38121C05B6E1}.Debug|Any CPU.Build.0 = Debug|Any CPU
		{318839AA-CDE2-2FF4-E307-38121C05B6E1}.Release|Any CPU.ActiveCfg = Release|Any CPU
		{318839AA-CDE2-2FF4-E307-38121C05B6E1}.Release|Any CPU.Build.0 = Release|Any CPU
		{9DCE87C4-A10F-7C70-BA71-08D9A1D2C75C}.Debug|Any CPU.ActiveCfg = Debug|Any CPU
		{9DCE87C4-A10F-7C70-BA71-08D9A1D2C75C}.Debug|Any CPU.Build.0 = Debug|Any CPU
		{9DCE87C4-A10F-7C70-BA71-08D9A1D2C75C}.Release|Any CPU.ActiveCfg = Release|Any CPU
		{9DCE87C4-A10F-7C70-BA71-08D9A1D2C75C}.Release|Any CPU.Build.0 = Release|Any CPU
		{0B9BF2CF-44D6-8A07-F727-D568A87A6F91}.Debug|Any CPU.ActiveCfg = Debug|Any CPU
		{0B9BF2CF-44D6-8A07-F727-D568A87A6F91}.Debug|Any CPU.Build.0 = Debug|Any CPU
		{0B9BF2CF-44D6-8A07-F727-D568A87A6F91}.Release|Any CPU.ActiveCfg = Release|Any CPU
		{0B9BF2CF-44D6-8A07-F727-D568A87A6F91}.Release|Any CPU.Build.0 = Release|Any CPU
		{72365058-9E64-19AD-9121-8E1150766696}.Debug|Any CPU.ActiveCfg = Debug|Any CPU
		{72365058-9E64-19AD-9121-8E1150766696}.Debug|Any CPU.Build.0 = Debug|Any CPU
		{72365058-9E64-19AD-9121-8E1150766696}.Release|Any CPU.ActiveCfg = Release|Any CPU
		{72365058-9E64-19AD-9121-8E1150766696}.Release|Any CPU.Build.0 = Release|Any CPU
		{D698F9FC-0DDE-955B-F633-D1CCF2070FB6}.Debug|Any CPU.ActiveCfg = Debug|Any CPU
		{D698F9FC-0DDE-955B-F633-D1CCF2070FB6}.Debug|Any CPU.Build.0 = Debug|Any CPU
		{D698F9FC-0DDE-955B-F633-D1CCF2070FB6}.Release|Any CPU.ActiveCfg = Release|Any CPU
		{D698F9FC-0DDE-955B-F633-D1CCF2070FB6}.Release|Any CPU.Build.0 = Release|Any CPU
		{7E113D2D-3633-0535-17D0-32173DF02C25}.Debug|Any CPU.ActiveCfg = Debug|Any CPU
		{7E113D2D-3633-0535-17D0-32173DF02C25}.Debug|Any CPU.Build.0 = Debug|Any CPU
		{7E113D2D-3633-0535-17D0-32173DF02C25}.Release|Any CPU.ActiveCfg = Release|Any CPU
		{7E113D2D-3633-0535-17D0-32173DF02C25}.Release|Any CPU.Build.0 = Release|Any CPU
		{5A0E7459-E2C6-C65C-65C3-8BBF97C14AF3}.Debug|Any CPU.ActiveCfg = Debug|Any CPU
		{5A0E7459-E2C6-C65C-65C3-8BBF97C14AF3}.Debug|Any CPU.Build.0 = Debug|Any CPU
		{5A0E7459-E2C6-C65C-65C3-8BBF97C14AF3}.Release|Any CPU.ActiveCfg = Release|Any CPU
		{5A0E7459-E2C6-C65C-65C3-8BBF97C14AF3}.Release|Any CPU.Build.0 = Release|Any CPU
		{910CBEC6-4DC8-994B-994C-C7DE3E265EEB}.Debug|Any CPU.ActiveCfg = Debug|Any CPU
		{910CBEC6-4DC8-994B-994C-C7DE3E265EEB}.Debug|Any CPU.Build.0 = Debug|Any CPU
		{910CBEC6-4DC8-994B-994C-C7DE3E265EEB}.Release|Any CPU.ActiveCfg = Release|Any CPU
		{910CBEC6-4DC8-994B-994C-C7DE3E265EEB}.Release|Any CPU.Build.0 = Release|Any CPU
		{D138C45F-B2DA-0BB7-F979-03700AA42F40}.Debug|Any CPU.ActiveCfg = Debug|Any CPU
		{D138C45F-B2DA-0BB7-F979-03700AA42F40}.Debug|Any CPU.Build.0 = Debug|Any CPU
		{D138C45F-B2DA-0BB7-F979-03700AA42F40}.Release|Any CPU.ActiveCfg = Release|Any CPU
		{D138C45F-B2DA-0BB7-F979-03700AA42F40}.Release|Any CPU.Build.0 = Release|Any CPU
		{7295D07F-93C8-1C7A-91F1-EB70FA1DDF0A}.Debug|Any CPU.ActiveCfg = Debug|Any CPU
		{7295D07F-93C8-1C7A-91F1-EB70FA1DDF0A}.Debug|Any CPU.Build.0 = Debug|Any CPU
		{7295D07F-93C8-1C7A-91F1-EB70FA1DDF0A}.Release|Any CPU.ActiveCfg = Release|Any CPU
		{7295D07F-93C8-1C7A-91F1-EB70FA1DDF0A}.Release|Any CPU.Build.0 = Release|Any CPU
		{AB909540-4946-C34C-722A-D77BB3256979}.Debug|Any CPU.ActiveCfg = Debug|Any CPU
		{AB909540-4946-C34C-722A-D77BB3256979}.Debug|Any CPU.Build.0 = Debug|Any CPU
		{AB909540-4946-C34C-722A-D77BB3256979}.Release|Any CPU.ActiveCfg = Release|Any CPU
		{AB909540-4946-C34C-722A-D77BB3256979}.Release|Any CPU.Build.0 = Release|Any CPU
		{39619A12-2B93-2486-99F4-53242160D9F9}.Debug|Any CPU.ActiveCfg = Debug|Any CPU
		{39619A12-2B93-2486-99F4-53242160D9F9}.Debug|Any CPU.Build.0 = Debug|Any CPU
		{39619A12-2B93-2486-99F4-53242160D9F9}.Release|Any CPU.ActiveCfg = Release|Any CPU
		{39619A12-2B93-2486-99F4-53242160D9F9}.Release|Any CPU.Build.0 = Release|Any CPU
		{F67ED238-F5EE-F237-6431-7826B21D5F00}.Debug|Any CPU.ActiveCfg = Debug|Any CPU
		{F67ED238-F5EE-F237-6431-7826B21D5F00}.Debug|Any CPU.Build.0 = Debug|Any CPU
		{F67ED238-F5EE-F237-6431-7826B21D5F00}.Release|Any CPU.ActiveCfg = Release|Any CPU
		{F67ED238-F5EE-F237-6431-7826B21D5F00}.Release|Any CPU.Build.0 = Release|Any CPU
		{30A575F9-10B0-CBA2-FC98-2A8796C93088}.Debug|Any CPU.ActiveCfg = Debug|Any CPU
		{30A575F9-10B0-CBA2-FC98-2A8796C93088}.Debug|Any CPU.Build.0 = Debug|Any CPU
		{30A575F9-10B0-CBA2-FC98-2A8796C93088}.Release|Any CPU.ActiveCfg = Release|Any CPU
		{30A575F9-10B0-CBA2-FC98-2A8796C93088}.Release|Any CPU.Build.0 = Release|Any CPU
		{607BEF3F-1E1A-01AD-2E11-418EBE2CBB66}.Debug|Any CPU.ActiveCfg = Debug|Any CPU
		{607BEF3F-1E1A-01AD-2E11-418EBE2CBB66}.Debug|Any CPU.Build.0 = Debug|Any CPU
		{607BEF3F-1E1A-01AD-2E11-418EBE2CBB66}.Release|Any CPU.ActiveCfg = Release|Any CPU
		{607BEF3F-1E1A-01AD-2E11-418EBE2CBB66}.Release|Any CPU.Build.0 = Release|Any CPU
		{2D3A2E41-7042-DFD2-5B69-5CBABFFD16DC}.Debug|Any CPU.ActiveCfg = Debug|Any CPU
		{2D3A2E41-7042-DFD2-5B69-5CBABFFD16DC}.Debug|Any CPU.Build.0 = Debug|Any CPU
		{2D3A2E41-7042-DFD2-5B69-5CBABFFD16DC}.Release|Any CPU.ActiveCfg = Release|Any CPU
		{2D3A2E41-7042-DFD2-5B69-5CBABFFD16DC}.Release|Any CPU.Build.0 = Release|Any CPU
		{A2630318-3F77-A113-7209-0265836DF782}.Debug|Any CPU.ActiveCfg = Debug|Any CPU
		{A2630318-3F77-A113-7209-0265836DF782}.Debug|Any CPU.Build.0 = Debug|Any CPU
		{A2630318-3F77-A113-7209-0265836DF782}.Release|Any CPU.ActiveCfg = Release|Any CPU
		{A2630318-3F77-A113-7209-0265836DF782}.Release|Any CPU.Build.0 = Release|Any CPU
		{9C73ECCD-72D4-837A-68DC-FAF79955A74A}.Debug|Any CPU.ActiveCfg = Debug|Any CPU
		{9C73ECCD-72D4-837A-68DC-FAF79955A74A}.Debug|Any CPU.Build.0 = Debug|Any CPU
		{9C73ECCD-72D4-837A-68DC-FAF79955A74A}.Release|Any CPU.ActiveCfg = Release|Any CPU
		{9C73ECCD-72D4-837A-68DC-FAF79955A74A}.Release|Any CPU.Build.0 = Release|Any CPU
		{129CF415-6842-8C03-6BC4-B04D4688F0EB}.Debug|Any CPU.ActiveCfg = Debug|Any CPU
		{129CF415-6842-8C03-6BC4-B04D4688F0EB}.Debug|Any CPU.Build.0 = Debug|Any CPU
		{129CF415-6842-8C03-6BC4-B04D4688F0EB}.Release|Any CPU.ActiveCfg = Release|Any CPU
		{129CF415-6842-8C03-6BC4-B04D4688F0EB}.Release|Any CPU.Build.0 = Release|Any CPU
		{4C02470B-CD63-7911-84CA-B900077E84FA}.Debug|Any CPU.ActiveCfg = Debug|Any CPU
		{4C02470B-CD63-7911-84CA-B900077E84FA}.Debug|Any CPU.Build.0 = Debug|Any CPU
		{4C02470B-CD63-7911-84CA-B900077E84FA}.Release|Any CPU.ActiveCfg = Release|Any CPU
		{4C02470B-CD63-7911-84CA-B900077E84FA}.Release|Any CPU.Build.0 = Release|Any CPU
		{1B9B2B2C-8967-C723-84CD-50285E64AEEE}.Debug|Any CPU.ActiveCfg = Debug|Any CPU
		{1B9B2B2C-8967-C723-84CD-50285E64AEEE}.Debug|Any CPU.Build.0 = Debug|Any CPU
		{1B9B2B2C-8967-C723-84CD-50285E64AEEE}.Release|Any CPU.ActiveCfg = Release|Any CPU
		{1B9B2B2C-8967-C723-84CD-50285E64AEEE}.Release|Any CPU.Build.0 = Release|Any CPU
		{D647FF65-38CA-2447-2A5B-C5B386BF25A5}.Debug|Any CPU.ActiveCfg = Debug|Any CPU
		{D647FF65-38CA-2447-2A5B-C5B386BF25A5}.Debug|Any CPU.Build.0 = Debug|Any CPU
		{D647FF65-38CA-2447-2A5B-C5B386BF25A5}.Release|Any CPU.ActiveCfg = Release|Any CPU
		{D647FF65-38CA-2447-2A5B-C5B386BF25A5}.Release|Any CPU.Build.0 = Release|Any CPU
		{2377482F-7994-34A3-ED96-20DE70C7AD77}.Debug|Any CPU.ActiveCfg = Debug|Any CPU
		{2377482F-7994-34A3-ED96-20DE70C7AD77}.Debug|Any CPU.Build.0 = Debug|Any CPU
		{2377482F-7994-34A3-ED96-20DE70C7AD77}.Release|Any CPU.ActiveCfg = Release|Any CPU
		{2377482F-7994-34A3-ED96-20DE70C7AD77}.Release|Any CPU.Build.0 = Release|Any CPU
		{E25902FF-BC57-45A7-4B33-EE419C70DB67}.Debug|Any CPU.ActiveCfg = Debug|Any CPU
		{E25902FF-BC57-45A7-4B33-EE419C70DB67}.Debug|Any CPU.Build.0 = Debug|Any CPU
		{E25902FF-BC57-45A7-4B33-EE419C70DB67}.Release|Any CPU.ActiveCfg = Release|Any CPU
		{E25902FF-BC57-45A7-4B33-EE419C70DB67}.Release|Any CPU.Build.0 = Release|Any CPU
		{17F35D44-43F0-2623-6A4C-64202137ACD2}.Debug|Any CPU.ActiveCfg = Debug|Any CPU
		{17F35D44-43F0-2623-6A4C-64202137ACD2}.Debug|Any CPU.Build.0 = Debug|Any CPU
		{17F35D44-43F0-2623-6A4C-64202137ACD2}.Release|Any CPU.ActiveCfg = Release|Any CPU
		{17F35D44-43F0-2623-6A4C-64202137ACD2}.Release|Any CPU.Build.0 = Release|Any CPU
		{4EBB9A2F-E048-7C12-58E0-19D3562EFFB0}.Debug|Any CPU.ActiveCfg = Debug|Any CPU
		{4EBB9A2F-E048-7C12-58E0-19D3562EFFB0}.Debug|Any CPU.Build.0 = Debug|Any CPU
		{4EBB9A2F-E048-7C12-58E0-19D3562EFFB0}.Release|Any CPU.ActiveCfg = Release|Any CPU
		{4EBB9A2F-E048-7C12-58E0-19D3562EFFB0}.Release|Any CPU.Build.0 = Release|Any CPU
		{AACF1F0A-99A9-C571-6CF7-54AF084625CF}.Debug|Any CPU.ActiveCfg = Debug|Any CPU
		{AACF1F0A-99A9-C571-6CF7-54AF084625CF}.Debug|Any CPU.Build.0 = Debug|Any CPU
		{AACF1F0A-99A9-C571-6CF7-54AF084625CF}.Release|Any CPU.ActiveCfg = Release|Any CPU
		{AACF1F0A-99A9-C571-6CF7-54AF084625CF}.Release|Any CPU.Build.0 = Release|Any CPU
		{0014A855-78B5-35CA-CC55-6991403F73A3}.Debug|Any CPU.ActiveCfg = Debug|Any CPU
		{0014A855-78B5-35CA-CC55-6991403F73A3}.Debug|Any CPU.Build.0 = Debug|Any CPU
		{0014A855-78B5-35CA-CC55-6991403F73A3}.Release|Any CPU.ActiveCfg = Release|Any CPU
		{0014A855-78B5-35CA-CC55-6991403F73A3}.Release|Any CPU.Build.0 = Release|Any CPU
		{3EA2F69B-E7D2-6857-4570-6C623753A520}.Debug|Any CPU.ActiveCfg = Debug|Any CPU
		{3EA2F69B-E7D2-6857-4570-6C623753A520}.Debug|Any CPU.Build.0 = Debug|Any CPU
		{3EA2F69B-E7D2-6857-4570-6C623753A520}.Release|Any CPU.ActiveCfg = Release|Any CPU
		{3EA2F69B-E7D2-6857-4570-6C623753A520}.Release|Any CPU.Build.0 = Release|Any CPU
		{C99060A6-A43F-3E81-3F30-C76FD334255C}.Debug|Any CPU.ActiveCfg = Debug|Any CPU
		{C99060A6-A43F-3E81-3F30-C76FD334255C}.Debug|Any CPU.Build.0 = Debug|Any CPU
		{C99060A6-A43F-3E81-3F30-C76FD334255C}.Release|Any CPU.ActiveCfg = Release|Any CPU
		{C99060A6-A43F-3E81-3F30-C76FD334255C}.Release|Any CPU.Build.0 = Release|Any CPU
		{0D57D1ED-1344-A269-596C-9EF353BFB50D}.Debug|Any CPU.ActiveCfg = Debug|Any CPU
		{0D57D1ED-1344-A269-596C-9EF353BFB50D}.Debug|Any CPU.Build.0 = Debug|Any CPU
		{0D57D1ED-1344-A269-596C-9EF353BFB50D}.Release|Any CPU.ActiveCfg = Release|Any CPU
		{0D57D1ED-1344-A269-596C-9EF353BFB50D}.Release|Any CPU.Build.0 = Release|Any CPU
		{F118BFF6-A53E-0D69-49DD-1AEABD82AE82}.Debug|Any CPU.ActiveCfg = Debug|Any CPU
		{F118BFF6-A53E-0D69-49DD-1AEABD82AE82}.Debug|Any CPU.Build.0 = Debug|Any CPU
		{F118BFF6-A53E-0D69-49DD-1AEABD82AE82}.Release|Any CPU.ActiveCfg = Release|Any CPU
		{F118BFF6-A53E-0D69-49DD-1AEABD82AE82}.Release|Any CPU.Build.0 = Release|Any CPU
		{042CC4A9-F758-F202-B70F-F60379DE1644}.Debug|Any CPU.ActiveCfg = Debug|Any CPU
		{042CC4A9-F758-F202-B70F-F60379DE1644}.Debug|Any CPU.Build.0 = Debug|Any CPU
		{042CC4A9-F758-F202-B70F-F60379DE1644}.Release|Any CPU.ActiveCfg = Release|Any CPU
		{042CC4A9-F758-F202-B70F-F60379DE1644}.Release|Any CPU.Build.0 = Release|Any CPU
		{B9FB1159-99F3-BDB2-2169-1BF02F240BC6}.Debug|Any CPU.ActiveCfg = Debug|Any CPU
		{B9FB1159-99F3-BDB2-2169-1BF02F240BC6}.Debug|Any CPU.Build.0 = Debug|Any CPU
		{B9FB1159-99F3-BDB2-2169-1BF02F240BC6}.Release|Any CPU.ActiveCfg = Release|Any CPU
		{B9FB1159-99F3-BDB2-2169-1BF02F240BC6}.Release|Any CPU.Build.0 = Release|Any CPU
	EndGlobalSection
	GlobalSection(SolutionProperties) = preSolution
		HideSolutionNode = FALSE
	EndGlobalSection
	GlobalSection(NestedProjects) = preSolution
		{9E8E9951-6806-1D6D-293C-C0E1D88FCA2A} = {02EA681E-C7D8-13C7-8484-4AC65E1B71E8}
		{3DB61F0C-6C56-9A89-8009-28AEBDAD9849} = {02EA681E-C7D8-13C7-8484-4AC65E1B71E8}
		{BD48947A-4B67-273D-6E9F-16DD2A9A6039} = {02EA681E-C7D8-13C7-8484-4AC65E1B71E8}
		{F4CFB302-FF1D-DFE0-69E4-04C006B465F2} = {02EA681E-C7D8-13C7-8484-4AC65E1B71E8}
		{0A95FC4C-1E8D-C09F-4715-301257BF0AA0} = {02EA681E-C7D8-13C7-8484-4AC65E1B71E8}
		{F14D7451-E5A9-1C26-4BA0-2E691B634629} = {2B71C326-4AA2-4DA7-941B-2736E89249F8}
		{58E9D0D3-30E0-73BF-E9A5-8B2F7FEB6F00} = {EAFEAEBE-E8A2-4444-9A0F-C3684F2753FA}
		{0C3E20BF-A28C-CE42-1046-B6CB7A8AE09D} = {14930E55-8A37-4EF6-BE77-56252BA8BAC1}
		{89C6E324-0278-017E-F4E0-6EA05EB1EE3D} = {BC803554-8569-43A0-9926-7F3DB916F565}
		{22FB8F4C-3EBF-CFD4-99D2-955C874F5894} = {D6655196-2DCD-4294-8F7E-423964A10B75}
		{318839AA-CDE2-2FF4-E307-38121C05B6E1} = {9D64542E-E4E4-44D3-AE79-A3CCF38CE0FA}
		{9DCE87C4-A10F-7C70-BA71-08D9A1D2C75C} = {9D64542E-E4E4-44D3-AE79-A3CCF38CE0FA}
		{0B9BF2CF-44D6-8A07-F727-D568A87A6F91} = {9D64542E-E4E4-44D3-AE79-A3CCF38CE0FA}
		{72365058-9E64-19AD-9121-8E1150766696} = {9D64542E-E4E4-44D3-AE79-A3CCF38CE0FA}
		{D698F9FC-0DDE-955B-F633-D1CCF2070FB6} = {9D64542E-E4E4-44D3-AE79-A3CCF38CE0FA}
		{7E113D2D-3633-0535-17D0-32173DF02C25} = {9D64542E-E4E4-44D3-AE79-A3CCF38CE0FA}
		{5A0E7459-E2C6-C65C-65C3-8BBF97C14AF3} = {9D64542E-E4E4-44D3-AE79-A3CCF38CE0FA}
		{910CBEC6-4DC8-994B-994C-C7DE3E265EEB} = {9D64542E-E4E4-44D3-AE79-A3CCF38CE0FA}
		{D138C45F-B2DA-0BB7-F979-03700AA42F40} = {9D64542E-E4E4-44D3-AE79-A3CCF38CE0FA}
		{7295D07F-93C8-1C7A-91F1-EB70FA1DDF0A} = {9D64542E-E4E4-44D3-AE79-A3CCF38CE0FA}
		{AB909540-4946-C34C-722A-D77BB3256979} = {9D64542E-E4E4-44D3-AE79-A3CCF38CE0FA}
		{39619A12-2B93-2486-99F4-53242160D9F9} = {9D64542E-E4E4-44D3-AE79-A3CCF38CE0FA}
		{F67ED238-F5EE-F237-6431-7826B21D5F00} = {9D64542E-E4E4-44D3-AE79-A3CCF38CE0FA}
		{30A575F9-10B0-CBA2-FC98-2A8796C93088} = {9D64542E-E4E4-44D3-AE79-A3CCF38CE0FA}
		{607BEF3F-1E1A-01AD-2E11-418EBE2CBB66} = {9D64542E-E4E4-44D3-AE79-A3CCF38CE0FA}
		{2D3A2E41-7042-DFD2-5B69-5CBABFFD16DC} = {9D64542E-E4E4-44D3-AE79-A3CCF38CE0FA}
		{A2630318-3F77-A113-7209-0265836DF782} = {9D64542E-E4E4-44D3-AE79-A3CCF38CE0FA}
		{9C73ECCD-72D4-837A-68DC-FAF79955A74A} = {9D64542E-E4E4-44D3-AE79-A3CCF38CE0FA}
		{129CF415-6842-8C03-6BC4-B04D4688F0EB} = {9D64542E-E4E4-44D3-AE79-A3CCF38CE0FA}
		{4C02470B-CD63-7911-84CA-B900077E84FA} = {2B71C326-4AA2-4DA7-941B-2736E89249F8}
		{1B9B2B2C-8967-C723-84CD-50285E64AEEE} = {2B71C326-4AA2-4DA7-941B-2736E89249F8}
		{D647FF65-38CA-2447-2A5B-C5B386BF25A5} = {2B71C326-4AA2-4DA7-941B-2736E89249F8}
		{2377482F-7994-34A3-ED96-20DE70C7AD77} = {2B71C326-4AA2-4DA7-941B-2736E89249F8}
		{E25902FF-BC57-45A7-4B33-EE419C70DB67} = {EAFEAEBE-E8A2-4444-9A0F-C3684F2753FA}
		{17F35D44-43F0-2623-6A4C-64202137ACD2} = {14930E55-8A37-4EF6-BE77-56252BA8BAC1}
		{4EBB9A2F-E048-7C12-58E0-19D3562EFFB0} = {14930E55-8A37-4EF6-BE77-56252BA8BAC1}
		{AACF1F0A-99A9-C571-6CF7-54AF084625CF} = {14930E55-8A37-4EF6-BE77-56252BA8BAC1}
		{0014A855-78B5-35CA-CC55-6991403F73A3} = {14930E55-8A37-4EF6-BE77-56252BA8BAC1}
		{3EA2F69B-E7D2-6857-4570-6C623753A520} = {BC803554-8569-43A0-9926-7F3DB916F565}
		{C99060A6-A43F-3E81-3F30-C76FD334255C} = {1315D715-81E2-4CDD-85AA-9DE98DF5D67C}
		{0D57D1ED-1344-A269-596C-9EF353BFB50D} = {559E0168-1A31-443E-9051-45E1A9E7D616}
		{F118BFF6-A53E-0D69-49DD-1AEABD82AE82} = {D6655196-2DCD-4294-8F7E-423964A10B75}
		{042CC4A9-F758-F202-B70F-F60379DE1644} = {D6655196-2DCD-4294-8F7E-423964A10B75}
		{B9FB1159-99F3-BDB2-2169-1BF02F240BC6} = {D6655196-2DCD-4294-8F7E-423964A10B75}
	EndGlobalSection
	GlobalSection(ExtensibilityGlobals) = postSolution
		SolutionGuid = {6B275C1A-10DA-4B8D-9F86-5F20E89E9F3E}
	EndGlobalSection
EndGlobal
