
Microsoft Visual Studio Solution File, Format Version 12.00
# Visual Studio Version 17
VisualStudioVersion = 17.11.35222.181
MinimumVisualStudioVersion = 10.0.40219.1
Project("{DBE8AAF4-2EA6-48C4-8E4F-2BC3C2AF4C70}") = "ViteCent.Auth.Api", "ViteCent.Auth.Api\ViteCent.Auth.Api.csproj", "{05596AC0-AAC3-4FFF-B43C-080BE182DF85}"
EndProject
Project("{DBE8AAF4-2EA6-48C4-8E4F-2BC3C2AF4C70}") = "ViteCent.Auth.Application", "ViteCent.Auth.Application\ViteCent.Auth.Application.csproj", "{7588952E-E961-4A82-A75C-789D4CB053E7}"
EndProject
Project("{DBE8AAF4-2EA6-48C4-8E4F-2BC3C2AF4C70}") = "ViteCent.Auth.Domain", "ViteCent.Auth.Domain\ViteCent.Auth.Domain.csproj", "{7E1BC87D-4FB9-4A11-A0C8-311B57961A06}"
EndProject
Project("{DBE8AAF4-2EA6-48C4-8E4F-2BC3C2AF4C70}") = "ViteCent.Auth.Entity", "ViteCent.Auth.Entity\ViteCent.Auth.Entity.csproj", "{F258CD33-543D-4CCC-AE33-02A9FF6F1102}"
EndProject
Project("{DBE8AAF4-2EA6-48C4-8E4F-2BC3C2AF4C70}") = "ViteCent.Auth.Data", "..\ViteCent.Data\ViteCent.Auth.Data\ViteCent.Auth.Data.csproj", "{90822762-C833-46FC-8B01-1419A1BCC3E2}"
EndProject
Global
	GlobalSection(SolutionConfigurationPlatforms) = preSolution
		Debug|Any CPU = Debug|Any CPU
		Release|Any CPU = Release|Any CPU
	EndGlobalSection
	GlobalSection(ProjectConfigurationPlatforms) = postSolution
		{05596AC0-AAC3-4FFF-B43C-080BE182DF85}.Debug|Any CPU.ActiveCfg = Debug|Any CPU
		{05596AC0-AAC3-4FFF-B43C-080BE182DF85}.Debug|Any CPU.Build.0 = Debug|Any CPU
		{05596AC0-AAC3-4FFF-B43C-080BE182DF85}.Release|Any CPU.ActiveCfg = Release|Any CPU
		{05596AC0-AAC3-4FFF-B43C-080BE182DF85}.Release|Any CPU.Build.0 = Release|Any CPU
		{7588952E-E961-4A82-A75C-789D4CB053E7}.Debug|Any CPU.ActiveCfg = Debug|Any CPU
		{7588952E-E961-4A82-A75C-789D4CB053E7}.Debug|Any CPU.Build.0 = Debug|Any CPU
		{7588952E-E961-4A82-A75C-789D4CB053E7}.Release|Any CPU.ActiveCfg = Release|Any CPU
		{7588952E-E961-4A82-A75C-789D4CB053E7}.Release|Any CPU.Build.0 = Release|Any CPU
		{7E1BC87D-4FB9-4A11-A0C8-311B57961A06}.Debug|Any CPU.ActiveCfg = Debug|Any CPU
		{7E1BC87D-4FB9-4A11-A0C8-311B57961A06}.Debug|Any CPU.Build.0 = Debug|Any CPU
		{7E1BC87D-4FB9-4A11-A0C8-311B57961A06}.Release|Any CPU.ActiveCfg = Release|Any CPU
		{7E1BC87D-4FB9-4A11-A0C8-311B57961A06}.Release|Any CPU.Build.0 = Release|Any CPU
		{F258CD33-543D-4CCC-AE33-02A9FF6F1102}.Debug|Any CPU.ActiveCfg = Debug|Any CPU
		{F258CD33-543D-4CCC-AE33-02A9FF6F1102}.Debug|Any CPU.Build.0 = Debug|Any CPU
		{F258CD33-543D-4CCC-AE33-02A9FF6F1102}.Release|Any CPU.ActiveCfg = Release|Any CPU
		{F258CD33-543D-4CCC-AE33-02A9FF6F1102}.Release|Any CPU.Build.0 = Release|Any CPU
		{90822762-C833-46FC-8B01-1419A1BCC3E2}.Debug|Any CPU.ActiveCfg = Debug|Any CPU
		{90822762-C833-46FC-8B01-1419A1BCC3E2}.Debug|Any CPU.Build.0 = Debug|Any CPU
		{90822762-C833-46FC-8B01-1419A1BCC3E2}.Release|Any CPU.ActiveCfg = Release|Any CPU
		{90822762-C833-46FC-8B01-1419A1BCC3E2}.Release|Any CPU.Build.0 = Release|Any CPU
	EndGlobalSection
	GlobalSection(SolutionProperties) = preSolution
		HideSolutionNode = FALSE
	EndGlobalSection
	GlobalSection(ExtensibilityGlobals) = postSolution
		SolutionGuid = {{DBE8AAF4-2EA6-48C4-8E4F-2BC3C2AF4C70}}
	EndGlobalSection
EndGlobal
